// !$*UTF8*$!
{
	archiveVersion = 1;
	classes = {
	};
	objectVersion = 50;
	objects = {

/* Begin PBXBuildFile section */
		028FB7ED2279564D001FFB2C /* AppDelegate.swift in Sources */ = {isa = PBXBuildFile; fileRef = 028FB7EC2279564D001FFB2C /* AppDelegate.swift */; };
		028FB7EF2279564D001FFB2C /* ViewController.swift in Sources */ = {isa = PBXBuildFile; fileRef = 028FB7EE2279564D001FFB2C /* ViewController.swift */; };
		028FB7F22279564D001FFB2C /* Main.storyboard in Resources */ = {isa = PBXBuildFile; fileRef = 028FB7F02279564D001FFB2C /* Main.storyboard */; };
		028FB7F422795650001FFB2C /* Assets.xcassets in Resources */ = {isa = PBXBuildFile; fileRef = 028FB7F322795650001FFB2C /* Assets.xcassets */; };
		028FB7F722795650001FFB2C /* LaunchScreen.storyboard in Resources */ = {isa = PBXBuildFile; fileRef = 028FB7F522795650001FFB2C /* LaunchScreen.storyboard */; };
		028FB7FF227958BA001FFB2C /* PersonModal.swift in Sources */ = {isa = PBXBuildFile; fileRef = 028FB7FE227958BA001FFB2C /* PersonModal.swift */; };
		028FB80322795A8A001FFB2C /* Extionsion.swift in Sources */ = {isa = PBXBuildFile; fileRef = 028FB80222795A8A001FFB2C /* Extionsion.swift */; };
/* End PBXBuildFile section */

/* Begin PBXFileReference section */
		028FB7E92279564D001FFB2C /* Extension.app */ = {isa = PBXFileReference; explicitFileType = wrapper.application; includeInIndex = 0; path = Extension.app; sourceTree = BUILT_PRODUCTS_DIR; };
		028FB7EC2279564D001FFB2C /* AppDelegate.swift */ = {isa = PBXFileReference; lastKnownFileType = sourcecode.swift; path = AppDelegate.swift; sourceTree = "<group>"; };
		028FB7EE2279564D001FFB2C /* ViewController.swift */ = {isa = PBXFileReference; lastKnownFileType = sourcecode.swift; path = ViewController.swift; sourceTree = "<group>"; };
		028FB7F12279564D001FFB2C /* Base */ = {isa = PBXFileReference; lastKnownFileType = file.storyboard; name = Base; path = Base.lproj/Main.storyboard; sourceTree = "<group>"; };
		028FB7F322795650001FFB2C /* Assets.xcassets */ = {isa = PBXFileReference; lastKnownFileType = folder.assetcatalog; path = Assets.xcassets; sourceTree = "<group>"; };
		028FB7F622795650001FFB2C /* Base */ = {isa = PBXFileReference; lastKnownFileType = file.storyboard; name = Base; path = Base.lproj/LaunchScreen.storyboard; sourceTree = "<group>"; };
		028FB7F822795650001FFB2C /* Info.plist */ = {isa = PBXFileReference; lastKnownFileType = text.plist.xml; path = Info.plist; sourceTree = "<group>"; };
		028FB7FE227958BA001FFB2C /* PersonModal.swift */ = {isa = PBXFileReference; lastKnownFileType = sourcecode.swift; path = PersonModal.swift; sourceTree = "<group>"; };
		028FB80222795A8A001FFB2C /* Extionsion.swift */ = {isa = PBXFileReference; lastKnownFileType = sourcecode.swift; path = Extionsion.swift; sourceTree = "<group>"; };
/* End PBXFileReference section */

/* Begin PBXFrameworksBuildPhase section */
		028FB7E62279564D001FFB2C /* Frameworks */ = {
			isa = PBXFrameworksBuildPhase;
			buildActionMask = 2147483647;
			files = (
			);
			runOnlyForDeploymentPostprocessing = 0;
		};
/* End PBXFrameworksBuildPhase section */

/* Begin PBXGroup section */
		028FB7E02279564D001FFB2C = {
			isa = PBXGroup;
			children = (
				028FB7EB2279564D001FFB2C /* Extension */,
				028FB7EA2279564D001FFB2C /* Products */,
			);
			sourceTree = "<group>";
		};
		028FB7EA2279564D001FFB2C /* Products */ = {
			isa = PBXGroup;
			children = (
				028FB7E92279564D001FFB2C /* Extension.app */,
			);
			name = Products;
			sourceTree = "<group>";
		};
		028FB7EB2279564D001FFB2C /* Extension */ = {
			isa = PBXGroup;
			children = (
				028FB7EC2279564D001FFB2C /* AppDelegate.swift */,
				028FB80122795A70001FFB2C /* Extionsion */,
				028FB800227958C7001FFB2C /* modal */,
				028FB7EE2279564D001FFB2C /* ViewController.swift */,
				028FB7F02279564D001FFB2C /* Main.storyboard */,
				028FB7F322795650001FFB2C /* Assets.xcassets */,
				028FB7F522795650001FFB2C /* LaunchScreen.storyboard */,
				028FB7F822795650001FFB2C /* Info.plist */,
			);
			path = Extension;
			sourceTree = "<group>";
		};
		028FB800227958C7001FFB2C /* modal */ = {
			isa = PBXGroup;
			children = (
				028FB7FE227958BA001FFB2C /* PersonModal.swift */,
			);
			path = modal;
			sourceTree = "<group>";
		};
		028FB80122795A70001FFB2C /* Extionsion */ = {
			isa = PBXGroup;
			children = (
				028FB80222795A8A001FFB2C /* Extionsion.swift */,
			);
			path = Extionsion;
			sourceTree = "<group>";
		};
/* End PBXGroup section */

/* Begin PBXNativeTarget section */
		028FB7E82279564D001FFB2C /* Extension */ = {
			isa = PBXNativeTarget;
			buildConfigurationList = 028FB7FB22795650001FFB2C /* Build configuration list for PBXNativeTarget "Extension" */;
			buildPhases = (
				028FB7E52279564D001FFB2C /* Sources */,
				028FB7E62279564D001FFB2C /* Frameworks */,
				028FB7E72279564D001FFB2C /* Resources */,
			);
			buildRules = (
			);
			dependencies = (
			);
			name = Extension;
			productName = Extension;
			productReference = 028FB7E92279564D001FFB2C /* Extension.app */;
			productType = "com.apple.product-type.application";
		};
/* End PBXNativeTarget section */

/* Begin PBXProject section */
		028FB7E12279564D001FFB2C /* Project object */ = {
			isa = PBXProject;
			attributes = {
				LastSwiftUpdateCheck = 0940;
				LastUpgradeCheck = 0940;
				ORGANIZATIONNAME = "Panini Academy";
				TargetAttributes = {
					028FB7E82279564D001FFB2C = {
						CreatedOnToolsVersion = 9.4.1;
					};
				};
			};
			buildConfigurationList = 028FB7E42279564D001FFB2C /* Build configuration list for PBXProject "Extension" */;
			compatibilityVersion = "Xcode 9.3";
			developmentRegion = en;
			hasScannedForEncodings = 0;
			knownRegions = (
				en,
				Base,
			);
			mainGroup = 028FB7E02279564D001FFB2C;
			productRefGroup = 028FB7EA2279564D001FFB2C /* Products */;
			projectDirPath = "";
			projectRoot = "";
			targets = (
				028FB7E82279564D001FFB2C /* Extension */,
			);
		};
/* End PBXProject section */

/* Begin PBXResourcesBuildPhase section */
		028FB7E72279564D001FFB2C /* Resources */ = {
			isa = PBXResourcesBuildPhase;
			buildActionMask = 2147483647;
			files = (
				028FB7F722795650001FFB2C /* LaunchScreen.storyboard in Resources */,
				028FB7F422795650001FFB2C /* Assets.xcassets in Resources */,
				028FB7F22279564D001FFB2C /* Main.storyboard in Resources */,
			);
			runOnlyForDeploymentPostprocessing = 0;
		};
/* End PBXResourcesBuildPhase section */

/* Begin PBXSourcesBuildPhase section */
		028FB7E52279564D001FFB2C /* Sources */ = {
			isa = PBXSourcesBuildPhase;
			buildActionMask = 2147483647;
			files = (
				028FB7FF227958BA001FFB2C /* PersonModal.swift in Sources */,
				028FB7EF2279564D001FFB2C /* ViewController.swift in Sources */,
				028FB7ED2279564D001FFB2C /* AppDelegate.swift in Sources */,
				028FB80322795A8A001FFB2C /* Extionsion.swift in Sources */,
			);
			runOnlyForDeploymentPostprocessing = 0;
		};
/* End PBXSourcesBuildPhase section */

/* Begin PBXVariantGroup section */
		028FB7F02279564D001FFB2C /* Main.storyboard */ = {
			isa = PBXVariantGroup;
			children = (
				028FB7F12279564D001FFB2C /* Base */,
			);
			name = Main.storyboard;
			sourceTree = "<group>";
		};
		028FB7F522795650001FFB2C /* LaunchScreen.storyboard */ = {
			isa = PBXVariantGroup;
			children = (
				028FB7F622795650001FFB2C /* Base */,
			);
			name = LaunchScreen.storyboard;
			sourceTree = "<group>";
		};
/* End PBXVariantGroup section */

/* Begin XCBuildConfiguration section */
		028FB7F922795650001FFB2C /* Debug */ = {
			isa = XCBuildConfiguration;
			buildSettings = {
				ALWAYS_SEARCH_USER_PATHS = NO;
				CLANG_ANALYZER_NONNULL = YES;
				CLANG_ANALYZER_NUMBER_OBJECT_CONVERSION = YES_AGGRESSIVE;
				CLANG_CXX_LANGUAGE_STANDARD = "gnu++14";
				CLANG_CXX_LIBRARY = "libc++";
				CLANG_ENABLE_MODULES = YES;
				CLANG_ENABLE_OBJC_ARC = YES;
				CLANG_ENABLE_OBJC_WEAK = YES;
				CLANG_WARN_BLOCK_CAPTURE_AUTORELEASING = YES;
				CLANG_WARN_BOOL_CONVERSION = YES;
				CLANG_WARN_COMMA = YES;
				CLANG_WARN_CONSTANT_CONVERSION = YES;
				CLANG_WARN_DEPRECATED_OBJC_IMPLEMENTATIONS = YES;
				CLANG_WARN_DIRECT_OBJC_ISA_USAGE = YES_ERROR;
				CLANG_WARN_DOCUMENTATION_COMMENTS = YES;
				CLANG_WARN_EMPTY_BODY = YES;
				CLANG_WARN_ENUM_CONVERSION = YES;
				CLANG_WARN_INFINITE_RECURSION = YES;
				CLANG_WARN_INT_CONVERSION = YES;
				CLANG_WARN_NON_LITERAL_NULL_CONVERSION = YES;
				CLANG_WARN_OBJC_IMPLICIT_RETAIN_SELF = YES;
				CLANG_WARN_OBJC_LITERAL_CONVERSION = YES;
				CLANG_WARN_OBJC_ROOT_CLASS = YES_ERROR;
				CLANG_WARN_RANGE_LOOP_ANALYSIS = YES;
				CLANG_WARN_STRICT_PROTOTYPES = YES;
				CLANG_WARN_SUSPICIOUS_MOVE = YES;
				CLANG_WARN_UNGUARDED_AVAILABILITY = YES_AGGRESSIVE;
				CLANG_WARN_UNREACHABLE_CODE = YES;
				CLANG_WARN__DUPLICATE_METHOD_MATCH = YES;
				CODE_SIGN_IDENTITY = "iPhone Developer";
				COPY_PHASE_STRIP = NO;
				DEBUG_INFORMATION_FORMAT = dwarf;
				ENABLE_STRICT_OBJC_MSGSEND = YES;
				ENABLE_TESTABILITY = YES;
				GCC_C_LANGUAGE_STANDARD = gnu11;
				GCC_DYNAMIC_NO_PIC = NO;
				GCC_NO_COMMON_BLOCKS = YES;
				GCC_OPTIMIZATION_LEVEL = 0;
				GCC_PREPROCESSOR_DEFINITIONS = (
					"DEBUG=1",
					"$(inherited)",
				);
				GCC_WARN_64_TO_32_BIT_CONVERSION = YES;
				GCC_WARN_ABOUT_RETURN_TYPE = YES_ERROR;
				GCC_WARN_UNDECLARED_SELECTOR = YES;
				GCC_WARN_UNINITIALIZED_AUTOS = YES_AGGRESSIVE;
				GCC_WARN_UNUSED_FUNCTION = YES;
				GCC_WARN_UNUSED_VARIABLE = YES;
				IPHONEOS_DEPLOYMENT_TARGET = 11.4;
				MTL_ENABLE_DEBUG_INFO = YES;
				ONLY_ACTIVE_ARCH = YES;
				SDKROOT = iphoneos;
				SWIFT_ACTIVE_COMPILATION_CONDITIONS = DEBUG;
				SWIFT_OPTIMIZATION_LEVEL = "-Onone";
			};
			name = Debug;
		};
		028FB7FA22795650001FFB2C /* Release */ = {
			isa = XCBuildConfiguration;
			buildSettings = {
				ALWAYS_SEARCH_USER_PATHS = NO;
				CLANG_ANALYZER_NONNULL = YES;
				CLANG_ANALYZER_NUMBER_OBJECT_CONVERSION = YES_AGGRESSIVE;
				CLANG_CXX_LANGUAGE_STANDARD = "gnu++14";
				CLANG_CXX_LIBRARY = "libc++";
				CLANG_ENABLE_MODULES = YES;
				CLANG_ENABLE_OBJC_ARC = YES;
				CLANG_ENABLE_OBJC_WEAK = YES;
				CLANG_WARN_BLOCK_CAPTURE_AUTORELEASING = YES;
				CLANG_WARN_BOOL_CONVERSION = YES;
				CLANG_WARN_COMMA = YES;
				CLANG_WARN_CONSTANT_CONVERSION = YES;
				CLANG_WARN_DEPRECATED_OBJC_IMPLEMENTATIONS = YES;
				CLANG_WARN_DIRECT_OBJC_ISA_USAGE = YES_ERROR;
				CLANG_WARN_DOCUMENTATION_COMMENTS = YES;
				CLANG_WARN_EMPTY_BODY = YES;
				CLANG_WARN_ENUM_CONVERSION = YES;
				CLANG_WARN_INFINITE_RECURSION = YES;
				CLANG_WARN_INT_CONVERSION = YES;
				CLANG_WARN_NON_LITERAL_NULL_CONVERSION = YES;
				CLANG_WARN_OBJC_IMPLICIT_RETAIN_SELF = YES;
				CLANG_WARN_OBJC_LITERAL_CONVERSION = YES;
				CLANG_WARN_OBJC_ROOT_CLASS = YES_ERROR;
				CLANG_WARN_RANGE_LOOP_ANALYSIS = YES;
				CLANG_WARN_STRICT_PROTOTYPES = YES;
				CLANG_WARN_SUSPICIOUS_MOVE = YES;
				CLANG_WARN_UNGUARDED_AVAILABILITY = YES_AGGRESSIVE;
				CLANG_WARN_UNREACHABLE_CODE = YES;
				CLANG_WARN__DUPLICATE_METHOD_MATCH = YES;
				CODE_SIGN_IDENTITY = "iPhone Developer";
				COPY_PHASE_STRIP = NO;
				DEBUG_INFORMATION_FORMAT = "dwarf-with-dsym";
				ENABLE_NS_ASSERTIONS = NO;
				ENABLE_STRICT_OBJC_MSGSEND = YES;
				GCC_C_LANGUAGE_STANDARD = gnu11;
				GCC_NO_COMMON_BLOCKS = YES;
				GCC_WARN_64_TO_32_BIT_CONVERSION = YES;
				GCC_WARN_ABOUT_RETURN_TYPE = YES_ERROR;
				GCC_WARN_UNDECLARED_SELECTOR = YES;
				GCC_WARN_UNINITIALIZED_AUTOS = YES_AGGRESSIVE;
				GCC_WARN_UNUSED_FUNCTION = YES;
				GCC_WARN_UNUSED_VARIABLE = YES;
				IPHONEOS_DEPLOYMENT_TARGET = 11.4;
				MTL_ENABLE_DEBUG_INFO = NO;
				SDKROOT = iphoneos;
				SWIFT_COMPILATION_MODE = wholemodule;
				SWIFT_OPTIMIZATION_LEVEL = "-O";
				VALIDATE_PRODUCT = YES;
			};
			name = Release;
		};
		028FB7FC22795650001FFB2C /* Debug */ = {
			isa = XCBuildConfiguration;
			buildSettings = {
				ASSETCATALOG_COMPILER_APPICON_NAME = AppIcon;
				CODE_SIGN_STYLE = Automatic;
				DEVELOPMENT_TEAM = W6P668248Y;
				INFOPLIST_FILE = Extension/Info.plist;
				LD_RUNPATH_SEARCH_PATHS = (
					"$(inherited)",
					"@executable_path/Frameworks",
				);
				PRODUCT_BUNDLE_IDENTIFIER = com.Extension;
				PRODUCT_NAME = "$(TARGET_NAME)";
				SWIFT_VERSION = 4.0;
				TARGETED_DEVICE_FAMILY = "1,2";
			};
			name = Debug;
		};
		028FB7FD22795650001FFB2C /* Release */ = {
			isa = XCBuildConfiguration;
			buildSettings = {
				ASSETCATALOG_COMPILER_APPICON_NAME = AppIcon;
				CODE_SIGN_STYLE = Automatic;
				DEVELOPMENT_TEAM = W6P668248Y;
				INFOPLIST_FILE = Extension/Info.plist;
				LD_RUNPATH_SEARCH_PATHS = (
					"$(inherited)",
					"@executable_path/Frameworks",
				);
				PRODUCT_BUNDLE_IDENTIFIER = com.Extension;
				PRODUCT_NAME = "$(TARGET_NAME)";
				SWIFT_VERSION = 4.0;
				TARGETED_DEVICE_FAMILY = "1,2";
			};
			name = Release;
		};
/* End XCBuildConfiguration section */

/* Begin XCConfigurationList section */
		028FB7E42279564D001FFB2C /* Build configuration list for PBXProject "Extension" */ = {
			isa = XCConfigurationList;
			buildConfigurations = (
				028FB7F922795650001FFB2C /* Debug */,
				028FB7FA22795650001FFB2C /* Release */,
			);
			defaultConfigurationIsVisible = 0;
			defaultConfigurationName = Release;
		};
		028FB7FB22795650001FFB2C /* Build configuration list for PBXNativeTarget "Extension" */ = {
			isa = XCConfigurationList;
			buildConfigurations = (
				028FB7FC22795650001FFB2C /* Debug */,
				028FB7FD22795650001FFB2C /* Release */,
			);
			defaultConfigurationIsVisible = 0;
			defaultConfigurationName = Release;
		};
/* End XCConfigurationList section */
	};
	rootObject = 028FB7E12279564D001FFB2C /* Project object */;
}
